# This file is autogenerated, do not edit; changes may be undone by the next 'dep ensure'.


[[projects]]
  name = "github.com/abbot/go-http-auth"
  packages = ["."]
  revision = "0ddd408d5d60ea76e320503cc7dd091992dee608"
  version = "v0.4.0"

[[projects]]
  name = "github.com/go-sql-driver/mysql"
  packages = ["."]
  revision = "a0583e0143b1624142adab07e0e97fe106d99561"
  version = "v1.3"

[[projects]]
  branch = "master"
  name = "golang.org/x/crypto"
  packages = [
    "bcrypt",
    "blowfish"
  ]
  revision = "13931e22f9e72ea58bb73048bc752b48c6d4d4ac"

[[projects]]
  branch = "master"
  name = "golang.org/x/net"
  packages = ["context"]
  revision = "5ccada7d0a7ba9aeb5d3aca8d3501b4c2a509fec"

[solve-meta]
  analyzer-name = "dep"
  analyzer-version = 1
  inputs-digest = "f74116b5d07712fe8caa1c78b299a76ad4870cd8ba6bb84950dc587c073d3a64"
  solver-name = "gps-cdcl"
  solver-version = 1
